// !$*UTF8*$!
{
	archiveVersion = 1;
	classes = {
	};
	objectVersion = 56;
	objects = {

/* Begin PBXBuildFile section */
		B1234567890ABCDEF001 /* ClearSpendApp.swift in Sources */ = {isa = PBXBuildFile; fileRef = B1234567890ABCDEF002 /* ClearSpendApp.swift */; };
		B1234567890ABCDEF003 /* ContentView.swift in Sources */ = {isa = PBXBuildFile; fileRef = B1234567890ABCDEF004 /* ContentView.swift */; };
		B1234567890ABCDEF005 /* HomeView.swift in Sources */ = {isa = PBXBuildFile; fileRef = B1234567890ABCDEF006 /* HomeView.swift */; };
		B1234567890ABCDEF007 /* SpendView.swift in Sources */ = {isa = PBXBuildFile; fileRef = B1234567890ABCDEF008 /* SpendView.swift */; };
		B1234567890ABCDEF009 /* InvestView.swift in Sources */ = {isa = PBXBuildFile; fileRef = B1234567890ABCDEF010 /* InvestView.swift */; };
		B1234567890ABCDEF011 /* LearnView.swift in Sources */ = {isa = PBXBuildFile; fileRef = B1234567890ABCDEF012 /* LearnView.swift */; };
		B1234567890ABCDEF013 /* SettingsView.swift in Sources */ = {isa = PBXBuildFile; fileRef = B1234567890ABCDEF014 /* SettingsView.swift */; };
		B1234567890ABCDEF015 /* TransactionHistoryView.swift in Sources */ = {isa = PBXBuildFile; fileRef = B1234567890ABCDEF016 /* TransactionHistoryView.swift */; };
		B1234567890ABCDEF017 /* TransactionRowView.swift in Sources */ = {isa = PBXBuildFile; fileRef = B1234567890ABCDEF018 /* TransactionRowView.swift */; };
		B1234567890ABCDEF019 /* PurchaseResultView.swift in Sources */ = {isa = PBXBuildFile; fileRef = B1234567890ABCDEF020 /* PurchaseResultView.swift */; };
		B1234567890ABCDEF021 /* ParentControlView.swift in Sources */ = {isa = PBXBuildFile; fileRef = B1234567890ABCDEF022 /* ParentControlView.swift */; };
		B1234567890ABCDEF023 /* Transaction.swift in Sources */ = {isa = PBXBuildFile; fileRef = B1234567890ABCDEF024 /* Transaction.swift */; };
		B1234567890ABCDEF025 /* AlgorandService.swift in Sources */ = {isa = PBXBuildFile; fileRef = B1234567890ABCDEF026 /* AlgorandService.swift */; };
		B1234567890ABCDEF027 /* WalletViewModel.swift in Sources */ = {isa = PBXBuildFile; fileRef = B1234567890ABCDEF028 /* WalletViewModel.swift */; };
/* End PBXBuildFile section */

/* Begin PBXFileReference section */
		B1234567890ABCDEF001 /* ClearSpendApp.app */ = {isa = PBXFileReference; explicitFileType = wrapper.application; includeInIndex = 0; path = ClearSpendApp.app; sourceTree = BUILT_PRODUCTS_DIR; };
		B1234567890ABCDEF002 /* ClearSpendApp.swift */ = {isa = PBXFileReference; lastKnownFileType = sourcecode.swift; path = ClearSpendApp.swift; sourceTree = "<group>"; };
		B1234567890ABCDEF004 /* ContentView.swift */ = {isa = PBXFileReference; lastKnownFileType = sourcecode.swift; path = ContentView.swift; sourceTree = "<group>"; };
		B1234567890ABCDEF006 /* HomeView.swift */ = {isa = PBXFileReference; lastKnownFileType = sourcecode.swift; path = HomeView.swift; sourceTree = "<group>"; };
		B1234567890ABCDEF008 /* SpendView.swift */ = {isa = PBXFileReference; lastKnownFileType = sourcecode.swift; path = SpendView.swift; sourceTree = "<group>"; };
		B1234567890ABCDEF010 /* InvestView.swift */ = {isa = PBXFileReference; lastKnownFileType = sourcecode.swift; path = InvestView.swift; sourceTree = "<group>"; };
		B1234567890ABCDEF012 /* LearnView.swift */ = {isa = PBXFileReference; lastKnownFileType = sourcecode.swift; path = LearnView.swift; sourceTree = "<group>"; };
		B1234567890ABCDEF014 /* SettingsView.swift */ = {isa = PBXFileReference; lastKnownFileType = sourcecode.swift; path = SettingsView.swift; sourceTree = "<group>"; };
		B1234567890ABCDEF016 /* TransactionHistoryView.swift */ = {isa = PBXFileReference; lastKnownFileType = sourcecode.swift; path = TransactionHistoryView.swift; sourceTree = "<group>"; };
		B1234567890ABCDEF018 /* TransactionRowView.swift */ = {isa = PBXFileReference; lastKnownFileType = sourcecode.swift; path = TransactionRowView.swift; sourceTree = "<group>"; };
		B1234567890ABCDEF020 /* PurchaseResultView.swift */ = {isa = PBXFileReference; lastKnownFileType = sourcecode.swift; path = PurchaseResultView.swift; sourceTree = "<group>"; };
		B1234567890ABCDEF022 /* ParentControlView.swift */ = {isa = PBXFileReference; lastKnownFileType = sourcecode.swift; path = ParentControlView.swift; sourceTree = "<group>"; };
		B1234567890ABCDEF024 /* Transaction.swift */ = {isa = PBXFileReference; lastKnownFileType = sourcecode.swift; path = Transaction.swift; sourceTree = "<group>"; };
		B1234567890ABCDEF026 /* AlgorandService.swift */ = {isa = PBXFileReference; lastKnownFileType = sourcecode.swift; path = AlgorandService.swift; sourceTree = "<group>"; };
		B1234567890ABCDEF028 /* WalletViewModel.swift */ = {isa = PBXFileReference; lastKnownFileType = sourcecode.swift; path = WalletViewModel.swift; sourceTree = "<group>"; };
		B1234567890ABCDEF029 /* SETUP.md */ = {isa = PBXFileReference; lastKnownFileType = net.daringfireball.markdown; path = SETUP.md; sourceTree = "<group>"; };
/* End PBXFileReference section */

/* Begin PBXFrameworksBuildPhase section */
		B1234567890ABCDEF030 /* Frameworks */ = {
			isa = PBXFrameworksBuildPhase;
			buildActionMask = 2147483647;
			files = (
			);
			runOnlyForDeploymentPostprocessing = 0;
		};
/* End PBXFrameworksBuildPhase section */

/* Begin PBXGroup section */
		B1234567890ABCDEF031 = {
			isa = PBXGroup;
			children = (
				B1234567890ABCDEF032 /* ClearSpendApp */,
				B1234567890ABCDEF033 /* Products */,
			);
			sourceTree = "<group>";
		};
		B1234567890ABCDEF032 /* ClearSpendApp */ = {
			isa = PBXGroup;
			children = (
				B1234567890ABCDEF002 /* ClearSpendApp.swift */,
				B1234567890ABCDEF004 /* ContentView.swift */,
				B1234567890ABCDEF034 /* Views */,
				B1234567890ABCDEF035 /* Models */,
				B1234567890ABCDEF036 /* Services */,
				B1234567890ABCDEF037 /* ViewModels */,
				B1234567890ABCDEF038 /* Resources */,
				B1234567890ABCDEF029 /* SETUP.md */,
			);
			path = ClearSpendApp;
			sourceTree = "<group>";
		};
		B1234567890ABCDEF033 /* Products */ = {
			isa = PBXGroup;
			children = (
				B1234567890ABCDEF001 /* ClearSpendApp.app */,
			);
			name = Products;
			sourceTree = "<group>";
		};
		B1234567890ABCDEF034 /* Views */ = {
			isa = PBXGroup;
			children = (
				B1234567890ABCDEF006 /* HomeView.swift */,
				B1234567890ABCDEF008 /* SpendView.swift */,
				B1234567890ABCDEF010 /* InvestView.swift */,
				B1234567890ABCDEF012 /* LearnView.swift */,
				B1234567890ABCDEF014 /* SettingsView.swift */,
				B1234567890ABCDEF016 /* TransactionHistoryView.swift */,
				B1234567890ABCDEF018 /* TransactionRowView.swift */,
				B1234567890ABCDEF020 /* PurchaseResultView.swift */,
				B1234567890ABCDEF022 /* ParentControlView.swift */,
			);
			path = Views;
			sourceTree = "<group>";
		};
		B1234567890ABCDEF035 /* Models */ = {
			isa = PBXGroup;
			children = (
				B1234567890ABCDEF024 /* Transaction.swift */,
			);
			path = Models;
			sourceTree = "<group>";
		};
		B1234567890ABCDEF036 /* Services */ = {
			isa = PBXGroup;
			children = (
				B1234567890ABCDEF026 /* AlgorandService.swift */,
			);
			path = Services;
			sourceTree = "<group>";
		};
		B1234567890ABCDEF037 /* ViewModels */ = {
			isa = PBXGroup;
			children = (
				B1234567890ABCDEF028 /* WalletViewModel.swift */,
			);
			path = ViewModels;
			sourceTree = "<group>";
		};
		B1234567890ABCDEF038 /* Resources */ = {
			isa = PBXGroup;
			children = (
			);
			path = Resources;
			sourceTree = "<group>";
		};
/* End PBXGroup section */

/* Begin PBXNativeTarget section */
		B1234567890ABCDEF039 /* ClearSpendApp */ = {
			isa = PBXNativeTarget;
			buildConfigurationList = B1234567890ABCDEF040 /* Build configuration list for PBXNativeTarget "ClearSpendApp" */;
			buildPhases = (
				B1234567890ABCDEF041 /* Sources */,
				B1234567890ABCDEF030 /* Frameworks */,
				B1234567890ABCDEF042 /* Resources */,
			);
			buildRules = (
			);
			dependencies = (
			);
			name = ClearSpendApp;
			productName = ClearSpendApp;
			productReference = B1234567890ABCDEF001 /* ClearSpendApp.app */;
			productType = "com.apple.product-type.application";
		};
/* End PBXNativeTarget section */

/* Begin PBXProject section */
		B1234567890ABCDEF043 /* Project object */ = {
			isa = PBXProject;
			attributes = {
				BuildIndependentTargetsInParallel = 1;
				LastSwiftUpdateCheck = 1500;
				LastUpgradeCheck = 1500;
				TargetAttributes = {
					B1234567890ABCDEF039 = {
						CreatedOnToolsVersion = 15.0;
					};
				};
			};
			buildConfigurationList = B1234567890ABCDEF044 /* Build configuration list for PBXProject "ClearSpendApp" */;
			compatibilityVersion = "Xcode 14.0";
			developmentRegion = en;
			hasScannedForEncodings = 0;
			knownRegions = (
				en,
				Base,
			);
			mainGroup = B1234567890ABCDEF031;
			productRefGroup = B1234567890ABCDEF033 /* Products */;
			projectDirPath = "";
			projectRoot = "";
			targets = (
				B1234567890ABCDEF039 /* ClearSpendApp */,
			);
		};
/* End PBXProject section */

/* Begin PBXResourcesBuildPhase section */
		B1234567890ABCDEF042 /* Resources */ = {
			isa = PBXResourcesBuildPhase;
			buildActionMask = 2147483647;
			files = (
			);
			runOnlyForDeploymentPostprocessing = 0;
		};
/* End PBXResourcesBuildPhase section */

/* Begin PBXSourcesBuildPhase section */
		B1234567890ABCDEF041 /* Sources */ = {
			isa = PBXSourcesBuildPhase;
			buildActionMask = 2147483647;
			files = (
				B1234567890ABCDEF001 /* ClearSpendApp.swift in Sources */,
				B1234567890ABCDEF003 /* ContentView.swift in Sources */,
				B1234567890ABCDEF005 /* HomeView.swift in Sources */,
				B1234567890ABCDEF007 /* SpendView.swift in Sources */,
				B1234567890ABCDEF009 /* InvestView.swift in Sources */,
				B1234567890ABCDEF011 /* LearnView.swift in Sources */,
				B1234567890ABCDEF013 /* SettingsView.swift in Sources */,
				B1234567890ABCDEF015 /* TransactionHistoryView.swift in Sources */,
				B1234567890ABCDEF017 /* TransactionRowView.swift in Sources */,
				B1234567890ABCDEF019 /* PurchaseResultView.swift in Sources */,
				B1234567890ABCDEF021 /* ParentControlView.swift in Sources */,
				B1234567890ABCDEF023 /* Transaction.swift in Sources */,
				B1234567890ABCDEF025 /* AlgorandService.swift in Sources */,
				B1234567890ABCDEF027 /* WalletViewModel.swift in Sources */,
			);
			runOnlyForDeploymentPostprocessing = 0;
		};
/* End PBXSourcesBuildPhase section */

/* Begin XCBuildConfiguration section */
		B1234567890ABCDEF045 /* Debug */ = {
			isa = XCBuildConfiguration;
			buildSettings = {
				ALWAYS_SEARCH_USER_PATHS = NO;
				ASSETCATALOG_COMPILER_GENERATE_SWIFT_ASSET_SYMBOL_EXTENSIONS = YES;
				CLANG_ANALYZER_NONNULL = YES;
				CLANG_ANALYZER_NUMBER_OBJECT_CONVERSION = YES_AGGRESSIVE;
				CLANG_CXX_LANGUAGE_STANDARD = "gnu++20";
				CLANG_ENABLE_MODULES = YES;
				CLANG_ENABLE_OBJC_ARC = YES;
				CLANG_ENABLE_OBJC_WEAK = YES;
				CLANG_WARN_BLOCK_CAPTURE_AUTORELEASING = YES;
				CLANG_WARN_BOOL_CONVERSION = YES;
				CLANG_WARN_COMMA = YES;
				CLANG_WARN_CONSTANT_CONVERSION = YES;
				CLANG_WARN_DEPRECATED_OBJC_IMPLEMENTATIONS = YES;
				CLANG_WARN_DIRECT_OBJC_ISA_USAGE = YES_ERROR;
				CLANG_WARN_DOCUMENTATION_COMMENTS = YES;
				CLANG_WARN_EMPTY_BODY = YES;
				CLANG_WARN_ENUM_CONVERSION = YES;
				CLANG_WARN_INFINITE_RECURSION = YES;
				CLANG_WARN_INT_CONVERSION = YES;
				CLANG_WARN_NON_LITERAL_NULL_CONVERSION = YES;
				CLANG_WARN_OBJC_IMPLICIT_RETAIN_SELF = YES;
				CLANG_WARN_OBJC_LITERAL_CONVERSION = YES;
				CLANG_WARN_OBJC_ROOT_CLASS = YES_ERROR;
				CLANG_WARN_QUOTED_INCLUDE_IN_FRAMEWORK_HEADER = YES;
				CLANG_WARN_RANGE_LOOP_ANALYSIS = YES;
				CLANG_WARN_STRICT_PROTOTYPES = YES;
				CLANG_WARN_SUSPICIOUS_MOVE = YES;
				CLANG_WARN_UNGUARDED_AVAILABILITY = YES_AGGRESSIVE;
				CLANG_WARN_UNREACHABLE_CODE = YES;
				CLANG_WARN__DUPLICATE_METHOD_MATCH = YES;
				COPY_PHASE_STRIP = NO;
				DEBUG_INFORMATION_FORMAT = dwarf;
				ENABLE_STRICT_OBJC_MSGSEND = YES;
				ENABLE_TESTABILITY = YES;
				ENABLE_USER_SCRIPT_SANDBOXING = YES;
				GCC_C_LANGUAGE_STANDARD = gnu17;
				GCC_DYNAMIC_NO_PIC = NO;
				GCC_NO_COMMON_BLOCKS = YES;
				GCC_OPTIMIZATION_LEVEL = 0;
				GCC_PREPROCESSOR_DEFINITIONS = (
					"DEBUG=1",
					"$(inherited)",
				);
				GCC_WARN_64_TO_32_BIT_CONVERSION = YES;
				GCC_WARN_ABOUT_RETURN_TYPE = YES_ERROR;
				GCC_WARN_UNDECLARED_SELECTOR = YES;
				GCC_WARN_UNINITIALIZED_AUTOS = YES_AGGRESSIVE;
				GCC_WARN_UNUSED_FUNCTION = YES;
				GCC_WARN_UNUSED_VARIABLE = YES;
				IPHONEOS_DEPLOYMENT_TARGET = 17.0;
				LOCALIZATION_PREFERS_STRING_CATALOGS = YES;
				MTL_ENABLE_DEBUG_INFO = INCLUDE_SOURCE;
				MTL_FAST_MATH = YES;
				ONLY_ACTIVE_ARCH = YES;
				SDKROOT = iphoneos;
				SWIFT_ACTIVE_COMPILATION_CONDITIONS = "DEBUG $(inherited)";
				SWIFT_OPTIMIZATION_LEVEL = "-Onone";
			};
			name = Debug;
		};
		B1234567890ABCDEF046 /* Release */ = {
			isa = XCBuildConfiguration;
			buildSettings = {
				ALWAYS_SEARCH_USER_PATHS = NO;
				ASSETCATALOG_COMPILER_GENERATE_SWIFT_ASSET_SYMBOL_EXTENSIONS = YES;
				CLANG_ANALYZER_NONNULL = YES;
				CLANG_ANALYZER_NUMBER_OBJECT_CONVERSION = YES_AGGRESSIVE;
				CLANG_CXX_LANGUAGE_STANDARD = "gnu++20";
				CLANG_ENABLE_MODULES = YES;
				CLANG_ENABLE_OBJC_ARC = YES;
				CLANG_ENABLE_OBJC_WEAK = YES;
				CLANG_WARN_BLOCK_CAPTURE_AUTORELEASING = YES;
				CLANG_WARN_BOOL_CONVERSION = YES;
				CLANG_WARN_COMMA = YES;
				CLANG_WARN_CONSTANT_CONVERSION = YES;
				CLANG_WARN_DEPRECATED_OBJC_IMPLEMENTATIONS = YES;
				CLANG_WARN_DIRECT_OBJC_ISA_USAGE = YES_ERROR;
				CLANG_WARN_DOCUMENTATION_COMMENTS = YES;
				CLANG_WARN_EMPTY_BODY = YES;
				CLANG_WARN_ENUM_CONVERSION = YES;
				CLANG_WARN_INFINITE_RECURSION = YES;
				CLANG_WARN_INT_CONVERSION = YES;
				CLANG_WARN_NON_LITERAL_NULL_CONVERSION = YES;
				CLANG_WARN_OBJC_IMPLICIT_RETAIN_SELF = YES;
				CLANG_WARN_OBJC_LITERAL_CONVERSION = YES;
				CLANG_WARN_OBJC_ROOT_CLASS = YES_ERROR;
				CLANG_WARN_QUOTED_INCLUDE_IN_FRAMEWORK_HEADER = YES;
				CLANG_WARN_RANGE_LOOP_ANALYSIS = YES;
				CLANG_WARN_STRICT_PROTOTYPES = YES;
				CLANG_WARN_SUSPICIOUS_MOVE = YES;
				CLANG_WARN_UNGUARDED_AVAILABILITY = YES_AGGRESSIVE;
				CLANG_WARN_UNREACHABLE_CODE = YES;
				CLANG_WARN__DUPLICATE_METHOD_MATCH = YES;
				COPY_PHASE_STRIP = NO;
				DEBUG_INFORMATION_FORMAT = "dwarf-with-dsym";
				ENABLE_NS_ASSERTIONS = NO;
				ENABLE_STRICT_OBJC_MSGSEND = YES;
				ENABLE_USER_SCRIPT_SANDBOXING = YES;
				GCC_C_LANGUAGE_STANDARD = gnu17;
				GCC_NO_COMMON_BLOCKS = YES;
				GCC_WARN_64_TO_32_BIT_CONVERSION = YES;
				GCC_WARN_ABOUT_RETURN_TYPE = YES_ERROR;
				GCC_WARN_UNDECLARED_SELECTOR = YES;
				GCC_WARN_UNINITIALIZED_AUTOS = YES_AGGRESSIVE;
				GCC_WARN_UNUSED_FUNCTION = YES;
				GCC_WARN_UNUSED_VARIABLE = YES;
				IPHONEOS_DEPLOYMENT_TARGET = 17.0;
				LOCALIZATION_PREFERS_STRING_CATALOGS = YES;
				MTL_ENABLE_DEBUG_INFO = NO;
				MTL_FAST_MATH = YES;
				SDKROOT = iphoneos;
				SWIFT_COMPILATION_MODE = wholemodule;
				VALIDATE_PRODUCT = YES;
			};
			name = Release;
		};
		B1234567890ABCDEF047 /* Debug */ = {
			isa = XCBuildConfiguration;
			buildSettings = {
				ASSETCATALOG_COMPILER_APPICON_NAME = AppIcon;
				ASSETCATALOG_COMPILER_GLOBAL_ACCENT_COLOR_NAME = AccentColor;
				CODE_SIGN_STYLE = Automatic;
				CURRENT_PROJECT_VERSION = 1;
				DEVELOPMENT_ASSET_PATHS = "\"ClearSpendApp/Preview Content\"";
				ENABLE_PREVIEWS = YES;
				GENERATE_INFOPLIST_FILE = YES;
				INFOPLIST_KEY_UIApplicationSceneManifest_Generation = YES;
				INFOPLIST_KEY_UIApplicationSupportsIndirectInputEvents = YES;
				INFOPLIST_KEY_UILaunchScreen_Generation = YES;
				INFOPLIST_KEY_UISupportedInterfaceOrientations_iPad = "UIInterfaceOrientationPortrait UIInterfaceOrientationPortraitUpsideDown UIInterfaceOrientationLandscapeLeft UIInterfaceOrientationLandscapeRight";
				INFOPLIST_KEY_UISupportedInterfaceOrientations_iPhone = "UIInterfaceOrientationPortrait UIInterfaceOrientationLandscapeLeft UIInterfaceOrientationLandscapeRight";
				LD_RUNPATH_SEARCH_PATHS = (
					"$(inherited)",
					"@executable_path/Frameworks",
				);
				MARKETING_VERSION = 1.0;
				PRODUCT_BUNDLE_IDENTIFIER = com.clearspend.app;
				PRODUCT_NAME = "$(TARGET_NAME)";
				SWIFT_EMIT_LOC_STRINGS = YES;
				SWIFT_VERSION = 5.0;
				TARGETED_DEVICE_FAMILY = "1,2";
			};
			name = Debug;
		};
		B1234567890ABCDEF048 /* Release */ = {
			isa = XCBuildConfiguration;
			buildSettings = {
				ASSETCATALOG_COMPILER_APPICON_NAME = AppIcon;
				ASSETCATALOG_COMPILER_GLOBAL_ACCENT_COLOR_NAME = AccentColor;
				CODE_SIGN_STYLE = Automatic;
				CURRENT_PROJECT_VERSION = 1;
				DEVELOPMENT_ASSET_PATHS = "\"ClearSpendApp/Preview Content\"";
				ENABLE_PREVIEWS = YES;
				GENERATE_INFOPLIST_FILE = YES;
				INFOPLIST_KEY_UIApplicationSceneManifest_Generation = YES;
				INFOPLIST_KEY_UIApplicationSupportsIndirectInputEvents = YES;
				INFOPLIST_KEY_UILaunchScreen_Generation = YES;
				INFOPLIST_KEY_UISupportedInterfaceOrientations_iPad = "UIInterfaceOrientationPortrait UIInterfaceOrientationPortraitUpsideDown UIInterfaceOrientationLandscapeLeft UIInterfaceOrientationLandscapeRight";
				INFOPLIST_KEY_UISupportedInterfaceOrientations_iPhone = "UIInterfaceOrientationPortrait UIInterfaceOrientationLandscapeLeft UIInterfaceOrientationLandscapeRight";
				LD_RUNPATH_SEARCH_PATHS = (
					"$(inherited)",
					"@executable_path/Frameworks",
				);
				MARKETING_VERSION = 1.0;
				PRODUCT_BUNDLE_IDENTIFIER = com.clearspend.app;
				PRODUCT_NAME = "$(TARGET_NAME)";
				SWIFT_EMIT_LOC_STRINGS = YES;
				SWIFT_VERSION = 5.0;
				TARGETED_DEVICE_FAMILY = "1,2";
			};
			name = Release;
		};
/* End XCBuildConfiguration section */

/* Begin XCConfigurationList section */
		B1234567890ABCDEF040 /* Build configuration list for PBXNativeTarget "ClearSpendApp" */ = {
			isa = XCConfigurationList;
			buildConfigurations = (
				B1234567890ABCDEF047 /* Debug */,
				B1234567890ABCDEF048 /* Release */,
			);
			defaultConfigurationIsVisible = 0;
			defaultConfigurationName = Release;
		};
		B1234567890ABCDEF044 /* Build configuration list for PBXProject "ClearSpendApp" */ = {
			isa = XCConfigurationList;
			buildConfigurations = (
				B1234567890ABCDEF045 /* Debug */,
				B1234567890ABCDEF046 /* Release */,
			);
			defaultConfigurationIsVisible = 0;
			defaultConfigurationName = Release;
		};
/* End XCConfigurationList section */
	};
	rootObject = B1234567890ABCDEF043 /* Project object */;
}
