// !$*UTF8*$!
{
	archiveVersion = 1;
	classes = {
	};
	objectVersion = 56;
	objects = {

/* Begin PBXBuildFile section */
		D9A80D9326B245A9884F8BB9 /* ClearSpendApp.swift in Sources */ = {isa = PBXBuildFile; fileRef = 02C11A456A944D289C843E16 /* ClearSpendApp.swift */; };
		2538D57DD3104DA1B6D57A99 /* ContentView.swift in Sources */ = {isa = PBXBuildFile; fileRef = 6634818AE9D74D0394703F15 /* ContentView.swift */; };
		95649173F35043E7BF5B07D7 /* HomeView.swift in Sources */ = {isa = PBXBuildFile; fileRef = 86A579A799CD4FDA808DF8A1 /* HomeView.swift */; };
		8BCEEBA247F04F29B588A73B /* SpendView.swift in Sources */ = {isa = PBXBuildFile; fileRef = D30D4BE5B99B47898F6FA452 /* SpendView.swift */; };
		05AA4EAE6C81459B90EDC7CC /* InvestView.swift in Sources */ = {isa = PBXBuildFile; fileRef = 3630E28464ED416893D0D605 /* InvestView.swift */; };
		C687733D256F420DAEB0BCB1 /* LearnView.swift in Sources */ = {isa = PBXBuildFile; fileRef = 32F6E3889CBD4B13B2085BE9 /* LearnView.swift */; };
		7E43C9DBEA5945CD9F732ADB /* SettingsView.swift in Sources */ = {isa = PBXBuildFile; fileRef = 6DC8DD04F528432D9D68F80B /* SettingsView.swift */; };
		F593FC410D1940CD94A1A4F6 /* TransactionHistoryView.swift in Sources */ = {isa = PBXBuildFile; fileRef = FEA12FF543804D5E97EDD0F6 /* TransactionHistoryView.swift */; };
		19750A2A36B3446686DC9B9D /* TransactionRowView.swift in Sources */ = {isa = PBXBuildFile; fileRef = B57B0C9E54254C4892C090C9 /* TransactionRowView.swift */; };
		2C1CB5E2B14649E280C57C90 /* PurchaseResultView.swift in Sources */ = {isa = PBXBuildFile; fileRef = 1875965E273E434187B0DB90 /* PurchaseResultView.swift */; };
		202A32A0B0EF4CD4B8885D35 /* ParentControlView.swift in Sources */ = {isa = PBXBuildFile; fileRef = 4F223EF41DED496CBAD485A3 /* ParentControlView.swift */; };
		B65420FF7E834EAEA070D843 /* Transaction.swift in Sources */ = {isa = PBXBuildFile; fileRef = F6082D4E88EB4918B06A349F /* Transaction.swift */; };
		93CB67C3ACA044D09FE39053 /* AlgorandService.swift in Sources */ = {isa = PBXBuildFile; fileRef = F527AEEB657F47BFB69F97AF /* AlgorandService.swift */; };
		A695FE55F33445509031751F /* WalletViewModel.swift in Sources */ = {isa = PBXBuildFile; fileRef = 5DBF295E9FA641B2A8DD6D1C /* WalletViewModel.swift */; };
		2E0CADC1A0E44FC0B68A3FC0 /* Assets.xcassets in Resources */ = {isa = PBXBuildFile; fileRef = 2E0CADC1A0E44FC0B68A3FC1 /* Assets.xcassets */; };
/* End PBXBuildFile section */

/* Begin PBXFileReference section */
		BCA88BE2948147388FC032FE /* ClearSpendApp.app */ = {isa = PBXFileReference; explicitFileType = wrapper.application; includeInIndex = 0; path = ClearSpendApp.app; sourceTree = BUILT_PRODUCTS_DIR; };
		02C11A456A944D289C843E16 /* ClearSpendApp.swift */ = {isa = PBXFileReference; lastKnownFileType = sourcecode.swift; path = ClearSpendApp.swift; sourceTree = "<group>"; };
		6634818AE9D74D0394703F15 /* ContentView.swift */ = {isa = PBXFileReference; lastKnownFileType = sourcecode.swift; path = ContentView.swift; sourceTree = "<group>"; };
		86A579A799CD4FDA808DF8A1 /* HomeView.swift */ = {isa = PBXFileReference; lastKnownFileType = sourcecode.swift; path = HomeView.swift; sourceTree = "<group>"; };
		D30D4BE5B99B47898F6FA452 /* SpendView.swift */ = {isa = PBXFileReference; lastKnownFileType = sourcecode.swift; path = SpendView.swift; sourceTree = "<group>"; };
		3630E28464ED416893D0D605 /* InvestView.swift */ = {isa = PBXFileReference; lastKnownFileType = sourcecode.swift; path = InvestView.swift; sourceTree = "<group>"; };
		32F6E3889CBD4B13B2085BE9 /* LearnView.swift */ = {isa = PBXFileReference; lastKnownFileType = sourcecode.swift; path = LearnView.swift; sourceTree = "<group>"; };
		6DC8DD04F528432D9D68F80B /* SettingsView.swift */ = {isa = PBXFileReference; lastKnownFileType = sourcecode.swift; path = SettingsView.swift; sourceTree = "<group>"; };
		FEA12FF543804D5E97EDD0F6 /* TransactionHistoryView.swift */ = {isa = PBXFileReference; lastKnownFileType = sourcecode.swift; path = TransactionHistoryView.swift; sourceTree = "<group>"; };
		B57B0C9E54254C4892C090C9 /* TransactionRowView.swift */ = {isa = PBXFileReference; lastKnownFileType = sourcecode.swift; path = TransactionRowView.swift; sourceTree = "<group>"; };
		1875965E273E434187B0DB90 /* PurchaseResultView.swift */ = {isa = PBXFileReference; lastKnownFileType = sourcecode.swift; path = PurchaseResultView.swift; sourceTree = "<group>"; };
		4F223EF41DED496CBAD485A3 /* ParentControlView.swift */ = {isa = PBXFileReference; lastKnownFileType = sourcecode.swift; path = ParentControlView.swift; sourceTree = "<group>"; };
		F6082D4E88EB4918B06A349F /* Transaction.swift */ = {isa = PBXFileReference; lastKnownFileType = sourcecode.swift; path = Transaction.swift; sourceTree = "<group>"; };
		F527AEEB657F47BFB69F97AF /* AlgorandService.swift */ = {isa = PBXFileReference; lastKnownFileType = sourcecode.swift; path = AlgorandService.swift; sourceTree = "<group>"; };
		5DBF295E9FA641B2A8DD6D1C /* WalletViewModel.swift */ = {isa = PBXFileReference; lastKnownFileType = sourcecode.swift; path = WalletViewModel.swift; sourceTree = "<group>"; };
		78609256F6C047568E01D75F /* SETUP.md */ = {isa = PBXFileReference; lastKnownFileType = net.daringfireball.markdown; path = SETUP.md; sourceTree = "<group>"; };
		2E0CADC1A0E44FC0B68A3FC1 /* Assets.xcassets */ = {isa = PBXFileReference; lastKnownFileType = folder.assetcatalog; path = Assets.xcassets; sourceTree = "<group>"; };
/* End PBXFileReference section */

/* Begin PBXFrameworksBuildPhase section */
		769416611DDB4807B2E4B57A /* Frameworks */ = {
			isa = PBXFrameworksBuildPhase;
			buildActionMask = 2147483647;
			files = (
			);
			runOnlyForDeploymentPostprocessing = 0;
		};
/* End PBXFrameworksBuildPhase section */

/* Begin PBXGroup section */
		4CD608D126F141D4A4E4AA82 = {
			isa = PBXGroup;
			children = (
				252C2A5E6E944E65A7B570D3 /* ClearSpendApp */,
				C5579BAC7BBF487F97588026 /* Products */,
			);
			sourceTree = "<group>";
		};
		252C2A5E6E944E65A7B570D3 /* ClearSpendApp */ = {
			isa = PBXGroup;
			children = (
				02C11A456A944D289C843E16 /* ClearSpendApp.swift */,
				6634818AE9D74D0394703F15 /* ContentView.swift */,
				B684946E0F1C459BA22B4C52 /* Views */,
				52721E02E8744579A1CA1A45 /* Models */,
				F5E25054405F495BA4EC3141 /* Services */,
				3BA5C0C246AA4A658B88AD56 /* ViewModels */,
				206E64AB10114D1EA5BAF022 /* Resources */,
				2E0CADC1A0E44FC0B68A3FC1 /* Assets.xcassets */,
				78609256F6C047568E01D75F /* SETUP.md */,
			);
			path = ClearSpendApp;
			sourceTree = "<group>";
		};
		C5579BAC7BBF487F97588026 /* Products */ = {
			isa = PBXGroup;
			children = (
				BCA88BE2948147388FC032FE /* ClearSpendApp.app */,
			);
			name = Products;
			sourceTree = "<group>";
		};
		B684946E0F1C459BA22B4C52 /* Views */ = {
			isa = PBXGroup;
			children = (
				86A579A799CD4FDA808DF8A1 /* HomeView.swift */,
				D30D4BE5B99B47898F6FA452 /* SpendView.swift */,
				3630E28464ED416893D0D605 /* InvestView.swift */,
				32F6E3889CBD4B13B2085BE9 /* LearnView.swift */,
				6DC8DD04F528432D9D68F80B /* SettingsView.swift */,
				FEA12FF543804D5E97EDD0F6 /* TransactionHistoryView.swift */,
				B57B0C9E54254C4892C090C9 /* TransactionRowView.swift */,
				1875965E273E434187B0DB90 /* PurchaseResultView.swift */,
				4F223EF41DED496CBAD485A3 /* ParentControlView.swift */,
			);
			path = Views;
			sourceTree = "<group>";
		};
		52721E02E8744579A1CA1A45 /* Models */ = {
			isa = PBXGroup;
			children = (
				F6082D4E88EB4918B06A349F /* Transaction.swift */,
			);
			path = Models;
			sourceTree = "<group>";
		};
		F5E25054405F495BA4EC3141 /* Services */ = {
			isa = PBXGroup;
			children = (
				F527AEEB657F47BFB69F97AF /* AlgorandService.swift */,
			);
			path = Services;
			sourceTree = "<group>";
		};
		3BA5C0C246AA4A658B88AD56 /* ViewModels */ = {
			isa = PBXGroup;
			children = (
				5DBF295E9FA641B2A8DD6D1C /* WalletViewModel.swift */,
			);
			path = ViewModels;
			sourceTree = "<group>";
		};
		206E64AB10114D1EA5BAF022 /* Resources */ = {
			isa = PBXGroup;
			children = (
			);
			path = Resources;
			sourceTree = "<group>";
		};
/* End PBXGroup section */

/* Begin PBXNativeTarget section */
		0C068C7E54344C9EB50BDFEB /* ClearSpendApp */ = {
			isa = PBXNativeTarget;
			buildConfigurationList = 5A247328A6444903A495C115 /* Build configuration list for PBXNativeTarget "ClearSpendApp" */;
			buildPhases = (
				9BD25EA9A0B341C587D85A14 /* Sources */,
				769416611DDB4807B2E4B57A /* Frameworks */,
				075E5BDEC2124A46A092C1DD /* Resources */,
			);
			buildRules = (
			);
			dependencies = (
			);
			name = ClearSpendApp;
			productName = ClearSpendApp;
			productReference = BCA88BE2948147388FC032FE /* ClearSpendApp.app */;
			productType = "com.apple.product-type.application";
		};
/* End PBXNativeTarget section */

/* Begin PBXProject section */
		8B40561F25B2422380FCBAC8 /* Project object */ = {
			isa = PBXProject;
			attributes = {
				BuildIndependentTargetsInParallel = 1;
				LastSwiftUpdateCheck = 1500;
				LastUpgradeCheck = 1500;
				TargetAttributes = {
					0C068C7E54344C9EB50BDFEB = {
						CreatedOnToolsVersion = 15.0;
					};
				};
			};
			buildConfigurationList = 808FFB793CFF4E5BAD0EBCA3 /* Build configuration list for PBXProject "ClearSpendApp" */;
			compatibilityVersion = "Xcode 14.0";
			developmentRegion = en;
			hasScannedForEncodings = 0;
			knownRegions = (
				en,
				Base,
			);
			mainGroup = 4CD608D126F141D4A4E4AA82;
			productRefGroup = C5579BAC7BBF487F97588026 /* Products */;
			projectDirPath = "";
			projectRoot = "";
			targets = (
				0C068C7E54344C9EB50BDFEB /* ClearSpendApp */,
			);
		};
/* End PBXProject section */

/* Begin PBXResourcesBuildPhase section */
		075E5BDEC2124A46A092C1DD /* Resources */ = {
			isa = PBXResourcesBuildPhase;
			buildActionMask = 2147483647;
			files = (
				2E0CADC1A0E44FC0B68A3FC0 /* Assets.xcassets in Resources */,
			);
			runOnlyForDeploymentPostprocessing = 0;
		};
/* End PBXResourcesBuildPhase section */

/* Begin PBXSourcesBuildPhase section */
		9BD25EA9A0B341C587D85A14 /* Sources */ = {
			isa = PBXSourcesBuildPhase;
			buildActionMask = 2147483647;
			files = (
				D9A80D9326B245A9884F8BB9 /* ClearSpendApp.swift in Sources */,
				2538D57DD3104DA1B6D57A99 /* ContentView.swift in Sources */,
				95649173F35043E7BF5B07D7 /* HomeView.swift in Sources */,
				8BCEEBA247F04F29B588A73B /* SpendView.swift in Sources */,
				05AA4EAE6C81459B90EDC7CC /* InvestView.swift in Sources */,
				C687733D256F420DAEB0BCB1 /* LearnView.swift in Sources */,
				7E43C9DBEA5945CD9F732ADB /* SettingsView.swift in Sources */,
				F593FC410D1940CD94A1A4F6 /* TransactionHistoryView.swift in Sources */,
				19750A2A36B3446686DC9B9D /* TransactionRowView.swift in Sources */,
				2C1CB5E2B14649E280C57C90 /* PurchaseResultView.swift in Sources */,
				202A32A0B0EF4CD4B8885D35 /* ParentControlView.swift in Sources */,
				B65420FF7E834EAEA070D843 /* Transaction.swift in Sources */,
				93CB67C3ACA044D09FE39053 /* AlgorandService.swift in Sources */,
				A695FE55F33445509031751F /* WalletViewModel.swift in Sources */,
			);
			runOnlyForDeploymentPostprocessing = 0;
		};
/* End PBXSourcesBuildPhase section */

/* Begin XCBuildConfiguration section */
		09DBB1C11A1B43629C705202 /* Debug */ = {
			isa = XCBuildConfiguration;
			buildSettings = {
				ALWAYS_SEARCH_USER_PATHS = NO;
				ASSETCATALOG_COMPILER_GENERATE_SWIFT_ASSET_SYMBOL_EXTENSIONS = YES;
				CLANG_ANALYZER_NONNULL = YES;
				CLANG_ANALYZER_NUMBER_OBJECT_CONVERSION = YES_AGGRESSIVE;
				CLANG_CXX_LANGUAGE_STANDARD = "gnu++20";
				CLANG_ENABLE_MODULES = YES;
				CLANG_ENABLE_OBJC_ARC = YES;
				CLANG_ENABLE_OBJC_WEAK = YES;
				CLANG_WARN_BLOCK_CAPTURE_AUTORELEASING = YES;
				CLANG_WARN_BOOL_CONVERSION = YES;
				CLANG_WARN_COMMA = YES;
				CLANG_WARN_CONSTANT_CONVERSION = YES;
				CLANG_WARN_DEPRECATED_OBJC_IMPLEMENTATIONS = YES;
				CLANG_WARN_DIRECT_OBJC_ISA_USAGE = YES_ERROR;
				CLANG_WARN_DOCUMENTATION_COMMENTS = YES;
				CLANG_WARN_EMPTY_BODY = YES;
				CLANG_WARN_ENUM_CONVERSION = YES;
				CLANG_WARN_INFINITE_RECURSION = YES;
				CLANG_WARN_INT_CONVERSION = YES;
				CLANG_WARN_NON_LITERAL_NULL_CONVERSION = YES;
				CLANG_WARN_OBJC_IMPLICIT_RETAIN_SELF = YES;
				CLANG_WARN_OBJC_LITERAL_CONVERSION = YES;
				CLANG_WARN_OBJC_ROOT_CLASS = YES_ERROR;
				CLANG_WARN_QUOTED_INCLUDE_IN_FRAMEWORK_HEADER = YES;
				CLANG_WARN_RANGE_LOOP_ANALYSIS = YES;
				CLANG_WARN_STRICT_PROTOTYPES = YES;
				CLANG_WARN_SUSPICIOUS_MOVE = YES;
				CLANG_WARN_UNGUARDED_AVAILABILITY = YES_AGGRESSIVE;
				CLANG_WARN_UNREACHABLE_CODE = YES;
				CLANG_WARN__DUPLICATE_METHOD_MATCH = YES;
				COPY_PHASE_STRIP = NO;
				DEBUG_INFORMATION_FORMAT = dwarf;
				ENABLE_STRICT_OBJC_MSGSEND = YES;
				ENABLE_TESTABILITY = YES;
				ENABLE_USER_SCRIPT_SANDBOXING = YES;
				GCC_C_LANGUAGE_STANDARD = gnu17;
				GCC_DYNAMIC_NO_PIC = NO;
				GCC_NO_COMMON_BLOCKS = YES;
				GCC_OPTIMIZATION_LEVEL = 0;
				GCC_PREPROCESSOR_DEFINITIONS = (
					"DEBUG=1",
					"$(inherited)",
				);
				GCC_WARN_64_TO_32_BIT_CONVERSION = YES;
				GCC_WARN_ABOUT_RETURN_TYPE = YES_ERROR;
				GCC_WARN_UNDECLARED_SELECTOR = YES;
				GCC_WARN_UNINITIALIZED_AUTOS = YES_AGGRESSIVE;
				GCC_WARN_UNUSED_FUNCTION = YES;
				GCC_WARN_UNUSED_VARIABLE = YES;
				IPHONEOS_DEPLOYMENT_TARGET = 17.0;
				LOCALIZATION_PREFERS_STRING_CATALOGS = YES;
				MTL_ENABLE_DEBUG_INFO = INCLUDE_SOURCE;
				MTL_FAST_MATH = YES;
				ONLY_ACTIVE_ARCH = YES;
				SDKROOT = iphoneos;
				SWIFT_ACTIVE_COMPILATION_CONDITIONS = "DEBUG $(inherited)";
				SWIFT_OPTIMIZATION_LEVEL = "-Onone";
			};
			name = Debug;
		};
		B3381F9BD92D4C769E36B985 /* Release */ = {
			isa = XCBuildConfiguration;
			buildSettings = {
				ALWAYS_SEARCH_USER_PATHS = NO;
				ASSETCATALOG_COMPILER_GENERATE_SWIFT_ASSET_SYMBOL_EXTENSIONS = YES;
				CLANG_ANALYZER_NONNULL = YES;
				CLANG_ANALYZER_NUMBER_OBJECT_CONVERSION = YES_AGGRESSIVE;
				CLANG_CXX_LANGUAGE_STANDARD = "gnu++20";
				CLANG_ENABLE_MODULES = YES;
				CLANG_ENABLE_OBJC_ARC = YES;
				CLANG_ENABLE_OBJC_WEAK = YES;
				CLANG_WARN_BLOCK_CAPTURE_AUTORELEASING = YES;
				CLANG_WARN_BOOL_CONVERSION = YES;
				CLANG_WARN_COMMA = YES;
				CLANG_WARN_CONSTANT_CONVERSION = YES;
				CLANG_WARN_DEPRECATED_OBJC_IMPLEMENTATIONS = YES;
				CLANG_WARN_DIRECT_OBJC_ISA_USAGE = YES_ERROR;
				CLANG_WARN_DOCUMENTATION_COMMENTS = YES;
				CLANG_WARN_EMPTY_BODY = YES;
				CLANG_WARN_ENUM_CONVERSION = YES;
				CLANG_WARN_INFINITE_RECURSION = YES;
				CLANG_WARN_INT_CONVERSION = YES;
				CLANG_WARN_NON_LITERAL_NULL_CONVERSION = YES;
				CLANG_WARN_OBJC_IMPLICIT_RETAIN_SELF = YES;
				CLANG_WARN_OBJC_LITERAL_CONVERSION = YES;
				CLANG_WARN_OBJC_ROOT_CLASS = YES_ERROR;
				CLANG_WARN_QUOTED_INCLUDE_IN_FRAMEWORK_HEADER = YES;
				CLANG_WARN_RANGE_LOOP_ANALYSIS = YES;
				CLANG_WARN_STRICT_PROTOTYPES = YES;
				CLANG_WARN_SUSPICIOUS_MOVE = YES;
				CLANG_WARN_UNGUARDED_AVAILABILITY = YES_AGGRESSIVE;
				CLANG_WARN_UNREACHABLE_CODE = YES;
				CLANG_WARN__DUPLICATE_METHOD_MATCH = YES;
				COPY_PHASE_STRIP = NO;
				DEBUG_INFORMATION_FORMAT = "dwarf-with-dsym";
				ENABLE_NS_ASSERTIONS = NO;
				ENABLE_STRICT_OBJC_MSGSEND = YES;
				ENABLE_USER_SCRIPT_SANDBOXING = YES;
				GCC_C_LANGUAGE_STANDARD = gnu17;
				GCC_NO_COMMON_BLOCKS = YES;
				GCC_WARN_64_TO_32_BIT_CONVERSION = YES;
				GCC_WARN_ABOUT_RETURN_TYPE = YES_ERROR;
				GCC_WARN_UNDECLARED_SELECTOR = YES;
				GCC_WARN_UNINITIALIZED_AUTOS = YES_AGGRESSIVE;
				GCC_WARN_UNUSED_FUNCTION = YES;
				GCC_WARN_UNUSED_VARIABLE = YES;
				IPHONEOS_DEPLOYMENT_TARGET = 17.0;
				LOCALIZATION_PREFERS_STRING_CATALOGS = YES;
				MTL_ENABLE_DEBUG_INFO = NO;
				MTL_FAST_MATH = YES;
				SDKROOT = iphoneos;
				SWIFT_COMPILATION_MODE = wholemodule;
				VALIDATE_PRODUCT = YES;
			};
			name = Release;
		};
		750634566E834A5795FB2063 /* Debug */ = {
			isa = XCBuildConfiguration;
			buildSettings = {
				ASSETCATALOG_COMPILER_APPICON_NAME = AppIcon;
				ASSETCATALOG_COMPILER_GLOBAL_ACCENT_COLOR_NAME = AccentColor;
				CODE_SIGN_STYLE = Automatic;
				CURRENT_PROJECT_VERSION = 1;
				ENABLE_PREVIEWS = YES;
				GENERATE_INFOPLIST_FILE = YES;
				INFOPLIST_KEY_UIApplicationSceneManifest_Generation = YES;
				INFOPLIST_KEY_UIApplicationSupportsIndirectInputEvents = YES;
				INFOPLIST_KEY_UILaunchScreen_Generation = YES;
				INFOPLIST_KEY_UISupportedInterfaceOrientations_iPad = "UIInterfaceOrientationPortrait UIInterfaceOrientationPortraitUpsideDown UIInterfaceOrientationLandscapeLeft UIInterfaceOrientationLandscapeRight";
				INFOPLIST_KEY_UISupportedInterfaceOrientations_iPhone = "UIInterfaceOrientationPortrait UIInterfaceOrientationLandscapeLeft UIInterfaceOrientationLandscapeRight";
				LD_RUNPATH_SEARCH_PATHS = (
					"$(inherited)",
					"@executable_path/Frameworks",
				);
				MARKETING_VERSION = 1.0;
				PRODUCT_BUNDLE_IDENTIFIER = com.clearspend.app;
				PRODUCT_NAME = "$(TARGET_NAME)";
				SWIFT_EMIT_LOC_STRINGS = YES;
				SWIFT_VERSION = 5.0;
				TARGETED_DEVICE_FAMILY = "1,2";
			};
			name = Debug;
		};
		5BE1ECE896224A0C9FD07734 /* Release */ = {
			isa = XCBuildConfiguration;
			buildSettings = {
				ASSETCATALOG_COMPILER_APPICON_NAME = AppIcon;
				ASSETCATALOG_COMPILER_GLOBAL_ACCENT_COLOR_NAME = AccentColor;
				CODE_SIGN_STYLE = Automatic;
				CURRENT_PROJECT_VERSION = 1;
				ENABLE_PREVIEWS = YES;
				GENERATE_INFOPLIST_FILE = YES;
				INFOPLIST_KEY_UIApplicationSceneManifest_Generation = YES;
				INFOPLIST_KEY_UIApplicationSupportsIndirectInputEvents = YES;
				INFOPLIST_KEY_UILaunchScreen_Generation = YES;
				INFOPLIST_KEY_UISupportedInterfaceOrientations_iPad = "UIInterfaceOrientationPortrait UIInterfaceOrientationPortraitUpsideDown UIInterfaceOrientationLandscapeLeft UIInterfaceOrientationLandscapeRight";
				INFOPLIST_KEY_UISupportedInterfaceOrientations_iPhone = "UIInterfaceOrientationPortrait UIInterfaceOrientationLandscapeLeft UIInterfaceOrientationLandscapeRight";
				LD_RUNPATH_SEARCH_PATHS = (
					"$(inherited)",
					"@executable_path/Frameworks",
				);
				MARKETING_VERSION = 1.0;
				PRODUCT_BUNDLE_IDENTIFIER = com.clearspend.app;
				PRODUCT_NAME = "$(TARGET_NAME)";
				SWIFT_EMIT_LOC_STRINGS = YES;
				SWIFT_VERSION = 5.0;
				TARGETED_DEVICE_FAMILY = "1,2";
			};
			name = Release;
		};
/* End XCBuildConfiguration section */

/* Begin XCConfigurationList section */
		5A247328A6444903A495C115 /* Build configuration list for PBXNativeTarget "ClearSpendApp" */ = {
			isa = XCConfigurationList;
			buildConfigurations = (
				750634566E834A5795FB2063 /* Debug */,
				5BE1ECE896224A0C9FD07734 /* Release */,
			);
			defaultConfigurationIsVisible = 0;
			defaultConfigurationName = Release;
		};
		808FFB793CFF4E5BAD0EBCA3 /* Build configuration list for PBXProject "ClearSpendApp" */ = {
			isa = XCConfigurationList;
			buildConfigurations = (
				09DBB1C11A1B43629C705202 /* Debug */,
				B3381F9BD92D4C769E36B985 /* Release */,
			);
			defaultConfigurationIsVisible = 0;
			defaultConfigurationName = Release;
		};
/* End XCConfigurationList section */
	};
	rootObject = 8B40561F25B2422380FCBAC8 /* Project object */;
}
